
Microsoft Visual Studio Solution File, Format Version 10.00
# Visual Studio 2008
Project("{8BC9CEB8-8B4A-11D0-8D11-00A0C91BC942}") = "Common", "Common\Common.vcproj", "{F2481554-281D-4E78-B902-C8A181AF9D62}"
EndProject
Project("{8BC9CEB8-8B4A-11D0-8D11-00A0C91BC942}") = "noCheat Service", "noCheat Service\noCheat Service.vcproj", "{9B054DFC-39E2-4F29-B9C0-85019B66BEE8}"
	ProjectSection(ProjectDependencies) = postProject
		{F2481554-281D-4E78-B902-C8A181AF9D62} = {F2481554-281D-4E78-B902-C8A181AF9D62}
	EndProjectSection
EndProject
Project("{8BC9CEB8-8B4A-11D0-8D11-00A0C91BC942}") = "noCheat DLL Host", "noCheat DLL Host\noCheat DLL Host.vcproj", "{59CA3DAF-D465-4A9E-AA08-25BB460F8796}"
	ProjectSection(ProjectDependencies) = postProject
		{F2481554-281D-4E78-B902-C8A181AF9D62} = {F2481554-281D-4E78-B902-C8A181AF9D62}
	EndProjectSection
EndProject
Project("{8BC9CEB8-8B4A-11D0-8D11-00A0C91BC942}") = "Driver Signal Test App", "Driver Signal Test App\Driver Signal Test App.vcproj", "{17A3CC67-22E2-4332-9CE0-A7113744A35A}"
EndProject
Project("{8BC9CEB8-8B4A-11D0-8D11-00A0C91BC942}") = "noCheat Driver V2", "noCheatDriverV2\noCheat Driver V2.vcproj", "{FCA0A07B-F07D-49CE-BD53-137769240636}"
EndProject
Global
	GlobalSection(SolutionConfigurationPlatforms) = preSolution
		Debug|Win32 = Debug|Win32
		Debug|x64 = Debug|x64
		Release|Win32 = Release|Win32
		Release|x64 = Release|x64
	EndGlobalSection
	GlobalSection(ProjectConfigurationPlatforms) = postSolution
		{F2481554-281D-4E78-B902-C8A181AF9D62}.Debug|Win32.ActiveCfg = Debug|Win32
		{F2481554-281D-4E78-B902-C8A181AF9D62}.Debug|Win32.Build.0 = Debug|Win32
		{F2481554-281D-4E78-B902-C8A181AF9D62}.Debug|x64.ActiveCfg = Debug|x64
		{F2481554-281D-4E78-B902-C8A181AF9D62}.Debug|x64.Build.0 = Debug|x64
		{F2481554-281D-4E78-B902-C8A181AF9D62}.Release|Win32.ActiveCfg = Release|Win32
		{F2481554-281D-4E78-B902-C8A181AF9D62}.Release|Win32.Build.0 = Release|Win32
		{F2481554-281D-4E78-B902-C8A181AF9D62}.Release|x64.ActiveCfg = Release|x64
		{F2481554-281D-4E78-B902-C8A181AF9D62}.Release|x64.Build.0 = Release|x64
		{9B054DFC-39E2-4F29-B9C0-85019B66BEE8}.Debug|Win32.ActiveCfg = Debug|Win32
		{9B054DFC-39E2-4F29-B9C0-85019B66BEE8}.Debug|Win32.Build.0 = Debug|Win32
		{9B054DFC-39E2-4F29-B9C0-85019B66BEE8}.Debug|x64.ActiveCfg = Debug|x64
		{9B054DFC-39E2-4F29-B9C0-85019B66BEE8}.Debug|x64.Build.0 = Debug|x64
		{9B054DFC-39E2-4F29-B9C0-85019B66BEE8}.Release|Win32.ActiveCfg = Release|Win32
		{9B054DFC-39E2-4F29-B9C0-85019B66BEE8}.Release|Win32.Build.0 = Release|Win32
		{9B054DFC-39E2-4F29-B9C0-85019B66BEE8}.Release|x64.ActiveCfg = Release|x64
		{9B054DFC-39E2-4F29-B9C0-85019B66BEE8}.Release|x64.Build.0 = Release|x64
		{59CA3DAF-D465-4A9E-AA08-25BB460F8796}.Debug|Win32.ActiveCfg = Debug|Win32
		{59CA3DAF-D465-4A9E-AA08-25BB460F8796}.Debug|Win32.Build.0 = Debug|Win32
		{59CA3DAF-D465-4A9E-AA08-25BB460F8796}.Debug|x64.ActiveCfg = Debug|x64
		{59CA3DAF-D465-4A9E-AA08-25BB460F8796}.Debug|x64.Build.0 = Debug|x64
		{59CA3DAF-D465-4A9E-AA08-25BB460F8796}.Release|Win32.ActiveCfg = Release|Win32
		{59CA3DAF-D465-4A9E-AA08-25BB460F8796}.Release|Win32.Build.0 = Release|Win32
		{59CA3DAF-D465-4A9E-AA08-25BB460F8796}.Release|x64.ActiveCfg = Release|x64
		{59CA3DAF-D465-4A9E-AA08-25BB460F8796}.Release|x64.Build.0 = Release|x64
		{17A3CC67-22E2-4332-9CE0-A7113744A35A}.Debug|Win32.ActiveCfg = Debug|Win32
		{17A3CC67-22E2-4332-9CE0-A7113744A35A}.Debug|Win32.Build.0 = Debug|Win32
		{17A3CC67-22E2-4332-9CE0-A7113744A35A}.Debug|x64.ActiveCfg = Debug|x64
		{17A3CC67-22E2-4332-9CE0-A7113744A35A}.Debug|x64.Build.0 = Debug|x64
		{17A3CC67-22E2-4332-9CE0-A7113744A35A}.Release|Win32.ActiveCfg = Release|Win32
		{17A3CC67-22E2-4332-9CE0-A7113744A35A}.Release|Win32.Build.0 = Release|Win32
		{17A3CC67-22E2-4332-9CE0-A7113744A35A}.Release|x64.ActiveCfg = Release|x64
		{17A3CC67-22E2-4332-9CE0-A7113744A35A}.Release|x64.Build.0 = Release|x64
		{FCA0A07B-F07D-49CE-BD53-137769240636}.Debug|Win32.ActiveCfg = Debug|Win32
		{FCA0A07B-F07D-49CE-BD53-137769240636}.Debug|Win32.Build.0 = Debug|Win32
		{FCA0A07B-F07D-49CE-BD53-137769240636}.Debug|x64.ActiveCfg = Debug|Win32
		{FCA0A07B-F07D-49CE-BD53-137769240636}.Release|Win32.ActiveCfg = Release|Win32
		{FCA0A07B-F07D-49CE-BD53-137769240636}.Release|Win32.Build.0 = Release|Win32
		{FCA0A07B-F07D-49CE-BD53-137769240636}.Release|x64.ActiveCfg = Release|Win32
	EndGlobalSection
	GlobalSection(SolutionProperties) = preSolution
		HideSolutionNode = FALSE
	EndGlobalSection
EndGlobal
